{
  "nodes": {
    "home-manager": {
      "inputs": {
        "nixpkgs": [
          "nixpkgs"
        ],
        "utils": "utils"
      },
      "locked": {
        "lastModified": 1675637696,
        "narHash": "sha256-tilJS8zCS3PaDfVOfsBZ4zspuam8tc7IMZxtGa/K/uo=",
        "owner": "nix-community",
        "repo": "home-manager",
        "rev": "c43d4a3d6d9ef8ddbe2438362f5c775b4186000b",
        "type": "github"
      },
      "original": {
        "owner": "nix-community",
        "repo": "home-manager",
        "type": "github"
      }
    },
    "menu": {
      "inputs": {
        "nixpkgs": [
          "nixpkgs"
        ]
      },
      "locked": {
        "lastModified": 1675711305,
        "narHash": "sha256-9CD3oZrQpFVp0y9e+ieen7PVaL4CjEURVqBCPOnFWb4=",
        "path": "/etc/nixos/pkgs/menu",
        "type": "path"
      },
      "original": {
        "path": "/etc/nixos/pkgs/menu",
        "type": "path"
      }
    },
    "menu_pass": {
      "inputs": {
        "nixpkgs": [
          "nixpkgs"
        ]
      },
      "locked": {
        "lastModified": 1675711435,
        "narHash": "sha256-K9RyW5bV2dM6FrxL4sNovPUP4tl6hOwBqTbH4ZXX5Vk=",
        "path": "/etc/nixos/pkgs/menu_pass",
        "type": "path"
      },
      "original": {
        "path": "/etc/nixos/pkgs/menu_pass",
        "type": "path"
      }
    },
    "nixpkgs": {
      "locked": {
        "lastModified": 1675545634,
        "narHash": "sha256-TbQeQcM5TA/wIho6xtzG+inUfiGzUXi8ewwttiQWYJE=",
        "owner": "NixOS",
        "repo": "nixpkgs",
        "rev": "0591d6b57bfeb55dfeec99a671843337bc2c3323",
        "type": "github"
      },
      "original": {
        "owner": "NixOS",
        "ref": "nixos-unstable",
        "repo": "nixpkgs",
        "type": "github"
      }
    },
    "root": {
      "inputs": {
        "home-manager": "home-manager",
        "menu": "menu",
        "menu_pass": "menu_pass",
        "nixpkgs": "nixpkgs"
      }
    },
    "utils": {
      "locked": {
        "lastModified": 1667395993,
        "narHash": "sha256-nuEHfE/LcWyuSWnS8t12N1wc105Qtau+/OdUAjtQ0rA=",
        "owner": "numtide",
        "repo": "flake-utils",
        "rev": "5aed5285a952e0b949eb3ba02c12fa4fcfef535f",
        "type": "github"
      },
      "original": {
        "owner": "numtide",
        "repo": "flake-utils",
        "type": "github"
      }
    }
  },
  "root": "root",
  "version": 7
}
